
Microsoft Visual Studio Solution File, Format Version 12.00
# Visual Studio Version 16
VisualStudioVersion = 16.0.31205.134
MinimumVisualStudioVersion = 10.0.40219.1
Project("{8BC9CEB8-8B4A-11D0-8D11-00A0C91BC942}") = "IndexBuffer", "IndexBuffer.vcxproj", "{77AD99E0-46B0-466E-8166-CED701E85166}"
EndProject
Global
	GlobalSection(SolutionConfigurationPlatforms) = preSolution
		Debug|x64 = Debug|x64
		Debug|x86 = Debug|x86
		Release|x64 = Release|x64
		Release|x86 = Release|x86
	EndGlobalSection
	GlobalSection(ProjectConfigurationPlatforms) = postSolution
		{77AD99E0-46B0-466E-8166-CED701E85166}.Debug|x64.ActiveCfg = Debug|x64
		{77AD99E0-46B0-466E-8166-CED701E85166}.Debug|x64.Build.0 = Debug|x64
		{77AD99E0-46B0-466E-8166-CED701E85166}.Debug|x86.ActiveCfg = Debug|Win32
		{77AD99E0-46B0-466E-8166-CED701E85166}.Debug|x86.Build.0 = Debug|Win32
		{77AD99E0-46B0-466E-8166-CED701E85166}.Release|x64.ActiveCfg = Release|x64
		{77AD99E0-46B0-466E-8166-CED701E85166}.Release|x64.Build.0 = Release|x64
		{77AD99E0-46B0-466E-8166-CED701E85166}.Release|x86.ActiveCfg = Release|Win32
		{77AD99E0-46B0-466E-8166-CED701E85166}.Release|x86.Build.0 = Release|Win32
	EndGlobalSection
	GlobalSection(SolutionProperties) = preSolution
		HideSolutionNode = FALSE
	EndGlobalSection
	GlobalSection(ExtensibilityGlobals) = postSolution
		SolutionGuid = {D3368613-1017-4EF0-AAA5-7B6FE1CA9958}
	EndGlobalSection
EndGlobal
